
Microsoft Visual Studio Solution File, Format Version 12.00
# Visual Studio Version 16
VisualStudioVersion = 16.0.31515.178
MinimumVisualStudioVersion = 10.0.40219.1
Project("{FAE04EC0-301F-11D3-BF4B-00C04F79EFBC}") = "AppoimtmentCRUD", "AppoimtmentCRUD.csproj", "{BED95970-9E91-4C28-B386-186EE4292190}"
EndProject
Global
	GlobalSection(SolutionConfigurationPlatforms) = preSolution
		Debug|Any CPU = Debug|Any CPU
		Release|Any CPU = Release|Any CPU
	EndGlobalSection
	GlobalSection(ProjectConfigurationPlatforms) = postSolution
		{BED95970-9E91-4C28-B386-186EE4292190}.Debug|Any CPU.ActiveCfg = Debug|Any CPU
		{BED95970-9E91-4C28-B386-186EE4292190}.Debug|Any CPU.Build.0 = Debug|Any CPU
		{BED95970-9E91-4C28-B386-186EE4292190}.Release|Any CPU.ActiveCfg = Release|Any CPU
		{BED95970-9E91-4C28-B386-186EE4292190}.Release|Any CPU.Build.0 = Release|Any CPU
	EndGlobalSection
	GlobalSection(SolutionProperties) = preSolution
		HideSolutionNode = FALSE
	EndGlobalSection
	GlobalSection(ExtensibilityGlobals) = postSolution
		SolutionGuid = {242C6542-2AB1-46DB-A584-8D307DBD6F30}
	EndGlobalSection
EndGlobal
